// !$*UTF8*$!
{
	archiveVersion = 1;
	classes = {
	};
	objectVersion = 55;
	objects = {

/* Begin PBXBuildFile section */
		0490505327D6254B00113730 /* RegisterVC.swift in Sources */ = {isa = PBXBuildFile; fileRef = 0490505227D6254B00113730 /* RegisterVC.swift */; };
		0490505827D6265300113730 /* LoginVC.swift in Sources */ = {isa = PBXBuildFile; fileRef = 0490505727D6265300113730 /* LoginVC.swift */; };
		0490505B27D6270100113730 /* HomeVC.swift in Sources */ = {isa = PBXBuildFile; fileRef = 0490505A27D6270100113730 /* HomeVC.swift */; };
		04B65C1827D5CC81006AEA49 /* AppDelegate.swift in Sources */ = {isa = PBXBuildFile; fileRef = 04B65C1727D5CC81006AEA49 /* AppDelegate.swift */; };
		04B65C1A27D5CC81006AEA49 /* SceneDelegate.swift in Sources */ = {isa = PBXBuildFile; fileRef = 04B65C1927D5CC81006AEA49 /* SceneDelegate.swift */; };
		04B65C1F27D5CC81006AEA49 /* Main.storyboard in Resources */ = {isa = PBXBuildFile; fileRef = 04B65C1D27D5CC81006AEA49 /* Main.storyboard */; };
		04B65C2127D5CC82006AEA49 /* Assets.xcassets in Resources */ = {isa = PBXBuildFile; fileRef = 04B65C2027D5CC82006AEA49 /* Assets.xcassets */; };
		04B65C2427D5CC82006AEA49 /* LaunchScreen.storyboard in Resources */ = {isa = PBXBuildFile; fileRef = 04B65C2227D5CC82006AEA49 /* LaunchScreen.storyboard */; };
		04B65C2C27D5CD02006AEA49 /* GoogleService-Info.plist in Resources */ = {isa = PBXBuildFile; fileRef = 04B65C2B27D5CD02006AEA49 /* GoogleService-Info.plist */; };
		C600762D02D7443194A7AC69 /* Pods_Authentication.framework in Frameworks */ = {isa = PBXBuildFile; fileRef = EBC116461D757143625426A2 /* Pods_Authentication.framework */; };
/* End PBXBuildFile section */

/* Begin PBXFileReference section */
		0490505227D6254B00113730 /* RegisterVC.swift */ = {isa = PBXFileReference; lastKnownFileType = sourcecode.swift; path = RegisterVC.swift; sourceTree = "<group>"; };
		0490505727D6265300113730 /* LoginVC.swift */ = {isa = PBXFileReference; lastKnownFileType = sourcecode.swift; path = LoginVC.swift; sourceTree = "<group>"; };
		0490505A27D6270100113730 /* HomeVC.swift */ = {isa = PBXFileReference; lastKnownFileType = sourcecode.swift; path = HomeVC.swift; sourceTree = "<group>"; };
		04B65C1427D5CC81006AEA49 /* Authentication.app */ = {isa = PBXFileReference; explicitFileType = wrapper.application; includeInIndex = 0; path = Authentication.app; sourceTree = BUILT_PRODUCTS_DIR; };
		04B65C1727D5CC81006AEA49 /* AppDelegate.swift */ = {isa = PBXFileReference; lastKnownFileType = sourcecode.swift; path = AppDelegate.swift; sourceTree = "<group>"; };
		04B65C1927D5CC81006AEA49 /* SceneDelegate.swift */ = {isa = PBXFileReference; lastKnownFileType = sourcecode.swift; path = SceneDelegate.swift; sourceTree = "<group>"; };
		04B65C1E27D5CC81006AEA49 /* Base */ = {isa = PBXFileReference; lastKnownFileType = file.storyboard; name = Base; path = Base.lproj/Main.storyboard; sourceTree = "<group>"; };
		04B65C2027D5CC82006AEA49 /* Assets.xcassets */ = {isa = PBXFileReference; lastKnownFileType = folder.assetcatalog; path = Assets.xcassets; sourceTree = "<group>"; };
		04B65C2327D5CC82006AEA49 /* Base */ = {isa = PBXFileReference; lastKnownFileType = file.storyboard; name = Base; path = Base.lproj/LaunchScreen.storyboard; sourceTree = "<group>"; };
		04B65C2527D5CC82006AEA49 /* Info.plist */ = {isa = PBXFileReference; lastKnownFileType = text.plist.xml; path = Info.plist; sourceTree = "<group>"; };
		04B65C2B27D5CD02006AEA49 /* GoogleService-Info.plist */ = {isa = PBXFileReference; fileEncoding = 4; lastKnownFileType = text.plist.xml; path = "GoogleService-Info.plist"; sourceTree = "<group>"; };
		8F1D269D6434E1868C173A0A /* Pods-Authentication.release.xcconfig */ = {isa = PBXFileReference; includeInIndex = 1; lastKnownFileType = text.xcconfig; name = "Pods-Authentication.release.xcconfig"; path = "Target Support Files/Pods-Authentication/Pods-Authentication.release.xcconfig"; sourceTree = "<group>"; };
		C6D3FBC9391D1E780960A0E8 /* Pods-Authentication.debug.xcconfig */ = {isa = PBXFileReference; includeInIndex = 1; lastKnownFileType = text.xcconfig; name = "Pods-Authentication.debug.xcconfig"; path = "Target Support Files/Pods-Authentication/Pods-Authentication.debug.xcconfig"; sourceTree = "<group>"; };
		EBC116461D757143625426A2 /* Pods_Authentication.framework */ = {isa = PBXFileReference; explicitFileType = wrapper.framework; includeInIndex = 0; path = Pods_Authentication.framework; sourceTree = BUILT_PRODUCTS_DIR; };
/* End PBXFileReference section */

/* Begin PBXFrameworksBuildPhase section */
		04B65C1127D5CC81006AEA49 /* Frameworks */ = {
			isa = PBXFrameworksBuildPhase;
			buildActionMask = 2147483647;
			files = (
				C600762D02D7443194A7AC69 /* Pods_Authentication.framework in Frameworks */,
			);
			runOnlyForDeploymentPostprocessing = 0;
		};
/* End PBXFrameworksBuildPhase section */

/* Begin PBXGroup section */
		0490505427D6258100113730 /* Delegates */ = {
			isa = PBXGroup;
			children = (
				04B65C1727D5CC81006AEA49 /* AppDelegate.swift */,
				04B65C1927D5CC81006AEA49 /* SceneDelegate.swift */,
			);
			path = Delegates;
			sourceTree = "<group>";
		};
		0490505527D6259400113730 /* Storyboard */ = {
			isa = PBXGroup;
			children = (
				04B65C1D27D5CC81006AEA49 /* Main.storyboard */,
				04B65C2227D5CC82006AEA49 /* LaunchScreen.storyboard */,
			);
			path = Storyboard;
			sourceTree = "<group>";
		};
		0490505627D6261300113730 /* Controller */ = {
			isa = PBXGroup;
			children = (
				0490505227D6254B00113730 /* RegisterVC.swift */,
				0490505727D6265300113730 /* LoginVC.swift */,
				0490505A27D6270100113730 /* HomeVC.swift */,
			);
			path = Controller;
			sourceTree = "<group>";
		};
		0490505927D6265E00113730 /* Info.plist */ = {
			isa = PBXGroup;
			children = (
				04B65C2027D5CC82006AEA49 /* Assets.xcassets */,
				04B65C2527D5CC82006AEA49 /* Info.plist */,
				04B65C2B27D5CD02006AEA49 /* GoogleService-Info.plist */,
			);
			path = Info.plist;
			sourceTree = "<group>";
		};
		04B65C0B27D5CC81006AEA49 = {
			isa = PBXGroup;
			children = (
				04B65C1627D5CC81006AEA49 /* Authentication */,
				04B65C1527D5CC81006AEA49 /* Products */,
				40E4D5BD68CAE872BF5EC725 /* Pods */,
				7138CE4B1E4B73C630681CBD /* Frameworks */,
			);
			sourceTree = "<group>";
		};
		04B65C1527D5CC81006AEA49 /* Products */ = {
			isa = PBXGroup;
			children = (
				04B65C1427D5CC81006AEA49 /* Authentication.app */,
			);
			name = Products;
			sourceTree = "<group>";
		};
		04B65C1627D5CC81006AEA49 /* Authentication */ = {
			isa = PBXGroup;
			children = (
				0490505427D6258100113730 /* Delegates */,
				0490505627D6261300113730 /* Controller */,
				0490505527D6259400113730 /* Storyboard */,
				0490505927D6265E00113730 /* Info.plist */,
			);
			path = Authentication;
			sourceTree = "<group>";
		};
		40E4D5BD68CAE872BF5EC725 /* Pods */ = {
			isa = PBXGroup;
			children = (
				C6D3FBC9391D1E780960A0E8 /* Pods-Authentication.debug.xcconfig */,
				8F1D269D6434E1868C173A0A /* Pods-Authentication.release.xcconfig */,
			);
			path = Pods;
			sourceTree = "<group>";
		};
		7138CE4B1E4B73C630681CBD /* Frameworks */ = {
			isa = PBXGroup;
			children = (
				EBC116461D757143625426A2 /* Pods_Authentication.framework */,
			);
			name = Frameworks;
			sourceTree = "<group>";
		};
/* End PBXGroup section */

/* Begin PBXNativeTarget section */
		04B65C1327D5CC81006AEA49 /* Authentication */ = {
			isa = PBXNativeTarget;
			buildConfigurationList = 04B65C2827D5CC82006AEA49 /* Build configuration list for PBXNativeTarget "Authentication" */;
			buildPhases = (
				5A691F867B5B0E3F48BC5F79 /* [CP] Check Pods Manifest.lock */,
				04B65C1027D5CC81006AEA49 /* Sources */,
				04B65C1127D5CC81006AEA49 /* Frameworks */,
				04B65C1227D5CC81006AEA49 /* Resources */,
				2E169E368F938695A057990A /* [CP] Embed Pods Frameworks */,
			);
			buildRules = (
			);
			dependencies = (
			);
			name = Authentication;
			productName = Authentication;
			productReference = 04B65C1427D5CC81006AEA49 /* Authentication.app */;
			productType = "com.apple.product-type.application";
		};
/* End PBXNativeTarget section */

/* Begin PBXProject section */
		04B65C0C27D5CC81006AEA49 /* Project object */ = {
			isa = PBXProject;
			attributes = {
				BuildIndependentTargetsInParallel = 1;
				LastSwiftUpdateCheck = 1320;
				LastUpgradeCheck = 1320;
				TargetAttributes = {
					04B65C1327D5CC81006AEA49 = {
						CreatedOnToolsVersion = 13.2.1;
					};
				};
			};
			buildConfigurationList = 04B65C0F27D5CC81006AEA49 /* Build configuration list for PBXProject "Authentication" */;
			compatibilityVersion = "Xcode 13.0";
			developmentRegion = en;
			hasScannedForEncodings = 0;
			knownRegions = (
				en,
				Base,
			);
			mainGroup = 04B65C0B27D5CC81006AEA49;
			productRefGroup = 04B65C1527D5CC81006AEA49 /* Products */;
			projectDirPath = "";
			projectRoot = "";
			targets = (
				04B65C1327D5CC81006AEA49 /* Authentication */,
			);
		};
/* End PBXProject section */

/* Begin PBXResourcesBuildPhase section */
		04B65C1227D5CC81006AEA49 /* Resources */ = {
			isa = PBXResourcesBuildPhase;
			buildActionMask = 2147483647;
			files = (
				04B65C2427D5CC82006AEA49 /* LaunchScreen.storyboard in Resources */,
				04B65C2127D5CC82006AEA49 /* Assets.xcassets in Resources */,
				04B65C2C27D5CD02006AEA49 /* GoogleService-Info.plist in Resources */,
				04B65C1F27D5CC81006AEA49 /* Main.storyboard in Resources */,
			);
			runOnlyForDeploymentPostprocessing = 0;
		};
/* End PBXResourcesBuildPhase section */

/* Begin PBXShellScriptBuildPhase section */
		2E169E368F938695A057990A /* [CP] Embed Pods Frameworks */ = {
			isa = PBXShellScriptBuildPhase;
			buildActionMask = 2147483647;
			files = (
			);
			inputFileListPaths = (
				"${PODS_ROOT}/Target Support Files/Pods-Authentication/Pods-Authentication-frameworks-${CONFIGURATION}-input-files.xcfilelist",
			);
			name = "[CP] Embed Pods Frameworks";
			outputFileListPaths = (
				"${PODS_ROOT}/Target Support Files/Pods-Authentication/Pods-Authentication-frameworks-${CONFIGURATION}-output-files.xcfilelist",
			);
			runOnlyForDeploymentPostprocessing = 0;
			shellPath = /bin/sh;
			shellScript = "\"${PODS_ROOT}/Target Support Files/Pods-Authentication/Pods-Authentication-frameworks.sh\"\n";
			showEnvVarsInLog = 0;
		};
		5A691F867B5B0E3F48BC5F79 /* [CP] Check Pods Manifest.lock */ = {
			isa = PBXShellScriptBuildPhase;
			buildActionMask = 2147483647;
			files = (
			);
			inputFileListPaths = (
			);
			inputPaths = (
				"${PODS_PODFILE_DIR_PATH}/Podfile.lock",
				"${PODS_ROOT}/Manifest.lock",
			);
			name = "[CP] Check Pods Manifest.lock";
			outputFileListPaths = (
			);
			outputPaths = (
				"$(DERIVED_FILE_DIR)/Pods-Authentication-checkManifestLockResult.txt",
			);
			runOnlyForDeploymentPostprocessing = 0;
			shellPath = /bin/sh;
			shellScript = "diff \"${PODS_PODFILE_DIR_PATH}/Podfile.lock\" \"${PODS_ROOT}/Manifest.lock\" > /dev/null\nif [ $? != 0 ] ; then\n    # print error to STDERR\n    echo \"error: The sandbox is not in sync with the Podfile.lock. Run 'pod install' or update your CocoaPods installation.\" >&2\n    exit 1\nfi\n# This output is used by Xcode 'outputs' to avoid re-running this script phase.\necho \"SUCCESS\" > \"${SCRIPT_OUTPUT_FILE_0}\"\n";
			showEnvVarsInLog = 0;
		};
/* End PBXShellScriptBuildPhase section */

/* Begin PBXSourcesBuildPhase section */
		04B65C1027D5CC81006AEA49 /* Sources */ = {
			isa = PBXSourcesBuildPhase;
			buildActionMask = 2147483647;
			files = (
				0490505327D6254B00113730 /* RegisterVC.swift in Sources */,
				0490505B27D6270100113730 /* HomeVC.swift in Sources */,
				04B65C1827D5CC81006AEA49 /* AppDelegate.swift in Sources */,
				0490505827D6265300113730 /* LoginVC.swift in Sources */,
				04B65C1A27D5CC81006AEA49 /* SceneDelegate.swift in Sources */,
			);
			runOnlyForDeploymentPostprocessing = 0;
		};
/* End PBXSourcesBuildPhase section */

/* Begin PBXVariantGroup section */
		04B65C1D27D5CC81006AEA49 /* Main.storyboard */ = {
			isa = PBXVariantGroup;
			children = (
				04B65C1E27D5CC81006AEA49 /* Base */,
			);
			name = Main.storyboard;
			sourceTree = "<group>";
		};
		04B65C2227D5CC82006AEA49 /* LaunchScreen.storyboard */ = {
			isa = PBXVariantGroup;
			children = (
				04B65C2327D5CC82006AEA49 /* Base */,
			);
			name = LaunchScreen.storyboard;
			sourceTree = "<group>";
		};
/* End PBXVariantGroup section */

/* Begin XCBuildConfiguration section */
		04B65C2627D5CC82006AEA49 /* Debug */ = {
			isa = XCBuildConfiguration;
			buildSettings = {
				ALWAYS_SEARCH_USER_PATHS = NO;
				CLANG_ANALYZER_NONNULL = YES;
				CLANG_ANALYZER_NUMBER_OBJECT_CONVERSION = YES_AGGRESSIVE;
				CLANG_CXX_LANGUAGE_STANDARD = "gnu++17";
				CLANG_CXX_LIBRARY = "libc++";
				CLANG_ENABLE_MODULES = YES;
				CLANG_ENABLE_OBJC_ARC = YES;
				CLANG_ENABLE_OBJC_WEAK = YES;
				CLANG_WARN_BLOCK_CAPTURE_AUTORELEASING = YES;
				CLANG_WARN_BOOL_CONVERSION = YES;
				CLANG_WARN_COMMA = YES;
				CLANG_WARN_CONSTANT_CONVERSION = YES;
				CLANG_WARN_DEPRECATED_OBJC_IMPLEMENTATIONS = YES;
				CLANG_WARN_DIRECT_OBJC_ISA_USAGE = YES_ERROR;
				CLANG_WARN_DOCUMENTATION_COMMENTS = YES;
				CLANG_WARN_EMPTY_BODY = YES;
				CLANG_WARN_ENUM_CONVERSION = YES;
				CLANG_WARN_INFINITE_RECURSION = YES;
				CLANG_WARN_INT_CONVERSION = YES;
				CLANG_WARN_NON_LITERAL_NULL_CONVERSION = YES;
				CLANG_WARN_OBJC_IMPLICIT_RETAIN_SELF = YES;
				CLANG_WARN_OBJC_LITERAL_CONVERSION = YES;
				CLANG_WARN_OBJC_ROOT_CLASS = YES_ERROR;
				CLANG_WARN_QUOTED_INCLUDE_IN_FRAMEWORK_HEADER = YES;
				CLANG_WARN_RANGE_LOOP_ANALYSIS = YES;
				CLANG_WARN_STRICT_PROTOTYPES = YES;
				CLANG_WARN_SUSPICIOUS_MOVE = YES;
				CLANG_WARN_UNGUARDED_AVAILABILITY = YES_AGGRESSIVE;
				CLANG_WARN_UNREACHABLE_CODE = YES;
				CLANG_WARN__DUPLICATE_METHOD_MATCH = YES;
				COPY_PHASE_STRIP = NO;
				DEBUG_INFORMATION_FORMAT = dwarf;
				ENABLE_STRICT_OBJC_MSGSEND = YES;
				ENABLE_TESTABILITY = YES;
				GCC_C_LANGUAGE_STANDARD = gnu11;
				GCC_DYNAMIC_NO_PIC = NO;
				GCC_NO_COMMON_BLOCKS = YES;
				GCC_OPTIMIZATION_LEVEL = 0;
				GCC_PREPROCESSOR_DEFINITIONS = (
					"DEBUG=1",
					"$(inherited)",
				);
				GCC_WARN_64_TO_32_BIT_CONVERSION = YES;
				GCC_WARN_ABOUT_RETURN_TYPE = YES_ERROR;
				GCC_WARN_UNDECLARED_SELECTOR = YES;
				GCC_WARN_UNINITIALIZED_AUTOS = YES_AGGRESSIVE;
				GCC_WARN_UNUSED_FUNCTION = YES;
				GCC_WARN_UNUSED_VARIABLE = YES;
				IPHONEOS_DEPLOYMENT_TARGET = 15.2;
				MTL_ENABLE_DEBUG_INFO = INCLUDE_SOURCE;
				MTL_FAST_MATH = YES;
				ONLY_ACTIVE_ARCH = YES;
				SDKROOT = iphoneos;
				SWIFT_ACTIVE_COMPILATION_CONDITIONS = DEBUG;
				SWIFT_OPTIMIZATION_LEVEL = "-Onone";
			};
			name = Debug;
		};
		04B65C2727D5CC82006AEA49 /* Release */ = {
			isa = XCBuildConfiguration;
			buildSettings = {
				ALWAYS_SEARCH_USER_PATHS = NO;
				CLANG_ANALYZER_NONNULL = YES;
				CLANG_ANALYZER_NUMBER_OBJECT_CONVERSION = YES_AGGRESSIVE;
				CLANG_CXX_LANGUAGE_STANDARD = "gnu++17";
				CLANG_CXX_LIBRARY = "libc++";
				CLANG_ENABLE_MODULES = YES;
				CLANG_ENABLE_OBJC_ARC = YES;
				CLANG_ENABLE_OBJC_WEAK = YES;
				CLANG_WARN_BLOCK_CAPTURE_AUTORELEASING = YES;
				CLANG_WARN_BOOL_CONVERSION = YES;
				CLANG_WARN_COMMA = YES;
				CLANG_WARN_CONSTANT_CONVERSION = YES;
				CLANG_WARN_DEPRECATED_OBJC_IMPLEMENTATIONS = YES;
				CLANG_WARN_DIRECT_OBJC_ISA_USAGE = YES_ERROR;
				CLANG_WARN_DOCUMENTATION_COMMENTS = YES;
				CLANG_WARN_EMPTY_BODY = YES;
				CLANG_WARN_ENUM_CONVERSION = YES;
				CLANG_WARN_INFINITE_RECURSION = YES;
				CLANG_WARN_INT_CONVERSION = YES;
				CLANG_WARN_NON_LITERAL_NULL_CONVERSION = YES;
				CLANG_WARN_OBJC_IMPLICIT_RETAIN_SELF = YES;
				CLANG_WARN_OBJC_LITERAL_CONVERSION = YES;
				CLANG_WARN_OBJC_ROOT_CLASS = YES_ERROR;
				CLANG_WARN_QUOTED_INCLUDE_IN_FRAMEWORK_HEADER = YES;
				CLANG_WARN_RANGE_LOOP_ANALYSIS = YES;
				CLANG_WARN_STRICT_PROTOTYPES = YES;
				CLANG_WARN_SUSPICIOUS_MOVE = YES;
				CLANG_WARN_UNGUARDED_AVAILABILITY = YES_AGGRESSIVE;
				CLANG_WARN_UNREACHABLE_CODE = YES;
				CLANG_WARN__DUPLICATE_METHOD_MATCH = YES;
				COPY_PHASE_STRIP = NO;
				DEBUG_INFORMATION_FORMAT = "dwarf-with-dsym";
				ENABLE_NS_ASSERTIONS = NO;
				ENABLE_STRICT_OBJC_MSGSEND = YES;
				GCC_C_LANGUAGE_STANDARD = gnu11;
				GCC_NO_COMMON_BLOCKS = YES;
				GCC_WARN_64_TO_32_BIT_CONVERSION = YES;
				GCC_WARN_ABOUT_RETURN_TYPE = YES_ERROR;
				GCC_WARN_UNDECLARED_SELECTOR = YES;
				GCC_WARN_UNINITIALIZED_AUTOS = YES_AGGRESSIVE;
				GCC_WARN_UNUSED_FUNCTION = YES;
				GCC_WARN_UNUSED_VARIABLE = YES;
				IPHONEOS_DEPLOYMENT_TARGET = 15.2;
				MTL_ENABLE_DEBUG_INFO = NO;
				MTL_FAST_MATH = YES;
				SDKROOT = iphoneos;
				SWIFT_COMPILATION_MODE = wholemodule;
				SWIFT_OPTIMIZATION_LEVEL = "-O";
				VALIDATE_PRODUCT = YES;
			};
			name = Release;
		};
		04B65C2927D5CC82006AEA49 /* Debug */ = {
			isa = XCBuildConfiguration;
			baseConfigurationReference = C6D3FBC9391D1E780960A0E8 /* Pods-Authentication.debug.xcconfig */;
			buildSettings = {
				ASSETCATALOG_COMPILER_APPICON_NAME = AppIcon;
				ASSETCATALOG_COMPILER_GLOBAL_ACCENT_COLOR_NAME = AccentColor;
				CODE_SIGN_STYLE = Automatic;
				CURRENT_PROJECT_VERSION = 1;
				DEVELOPMENT_TEAM = 7552V85NLC;
				GENERATE_INFOPLIST_FILE = YES;
				INFOPLIST_FILE = Authentication/Info.plist/Info.plist;
				INFOPLIST_KEY_UIApplicationSupportsIndirectInputEvents = YES;
				INFOPLIST_KEY_UILaunchStoryboardName = LaunchScreen;
				INFOPLIST_KEY_UIMainStoryboardFile = Main;
				INFOPLIST_KEY_UISupportedInterfaceOrientations_iPad = "UIInterfaceOrientationPortrait UIInterfaceOrientationPortraitUpsideDown UIInterfaceOrientationLandscapeLeft UIInterfaceOrientationLandscapeRight";
				INFOPLIST_KEY_UISupportedInterfaceOrientations_iPhone = "UIInterfaceOrientationPortrait UIInterfaceOrientationLandscapeLeft UIInterfaceOrientationLandscapeRight";
				LD_RUNPATH_SEARCH_PATHS = (
					"$(inherited)",
					"@executable_path/Frameworks",
				);
				MARKETING_VERSION = 1.0;
				PRODUCT_BUNDLE_IDENTIFIER = com.ChirpTechnologies.Authentication;
				PRODUCT_NAME = "$(TARGET_NAME)";
				SWIFT_EMIT_LOC_STRINGS = YES;
				SWIFT_VERSION = 5.0;
				TARGETED_DEVICE_FAMILY = "1,2";
			};
			name = Debug;
		};
		04B65C2A27D5CC82006AEA49 /* Release */ = {
			isa = XCBuildConfiguration;
			baseConfigurationReference = 8F1D269D6434E1868C173A0A /* Pods-Authentication.release.xcconfig */;
			buildSettings = {
				ASSETCATALOG_COMPILER_APPICON_NAME = AppIcon;
				ASSETCATALOG_COMPILER_GLOBAL_ACCENT_COLOR_NAME = AccentColor;
				CODE_SIGN_STYLE = Automatic;
				CURRENT_PROJECT_VERSION = 1;
				DEVELOPMENT_TEAM = 7552V85NLC;
				GENERATE_INFOPLIST_FILE = YES;
				INFOPLIST_FILE = Authentication/Info.plist/Info.plist;
				INFOPLIST_KEY_UIApplicationSupportsIndirectInputEvents = YES;
				INFOPLIST_KEY_UILaunchStoryboardName = LaunchScreen;
				INFOPLIST_KEY_UIMainStoryboardFile = Main;
				INFOPLIST_KEY_UISupportedInterfaceOrientations_iPad = "UIInterfaceOrientationPortrait UIInterfaceOrientationPortraitUpsideDown UIInterfaceOrientationLandscapeLeft UIInterfaceOrientationLandscapeRight";
				INFOPLIST_KEY_UISupportedInterfaceOrientations_iPhone = "UIInterfaceOrientationPortrait UIInterfaceOrientationLandscapeLeft UIInterfaceOrientationLandscapeRight";
				LD_RUNPATH_SEARCH_PATHS = (
					"$(inherited)",
					"@executable_path/Frameworks",
				);
				MARKETING_VERSION = 1.0;
				PRODUCT_BUNDLE_IDENTIFIER = com.ChirpTechnologies.Authentication;
				PRODUCT_NAME = "$(TARGET_NAME)";
				SWIFT_EMIT_LOC_STRINGS = YES;
				SWIFT_VERSION = 5.0;
				TARGETED_DEVICE_FAMILY = "1,2";
			};
			name = Release;
		};
/* End XCBuildConfiguration section */

/* Begin XCConfigurationList section */
		04B65C0F27D5CC81006AEA49 /* Build configuration list for PBXProject "Authentication" */ = {
			isa = XCConfigurationList;
			buildConfigurations = (
				04B65C2627D5CC82006AEA49 /* Debug */,
				04B65C2727D5CC82006AEA49 /* Release */,
			);
			defaultConfigurationIsVisible = 0;
			defaultConfigurationName = Release;
		};
		04B65C2827D5CC82006AEA49 /* Build configuration list for PBXNativeTarget "Authentication" */ = {
			isa = XCConfigurationList;
			buildConfigurations = (
				04B65C2927D5CC82006AEA49 /* Debug */,
				04B65C2A27D5CC82006AEA49 /* Release */,
			);
			defaultConfigurationIsVisible = 0;
			defaultConfigurationName = Release;
		};
/* End XCConfigurationList section */
	};
	rootObject = 04B65C0C27D5CC81006AEA49 /* Project object */;
}
